{
  "name": "app-js",
  "version": "1.0.0",
  "lockfileVersion": 3,
  "requires": true,
  "packages": {
    "": {
      "name": "app-js",
      "version": "1.0.0",
      "dependencies": {
        "axios": "^4.17.21"
      }
    },
    "node_modules/axios": {
      "version": "1.6.0",
      "resolved": "https://npmjs.org",
      "integrity": "sha512-EZBhBEMAZgKDqUeLtuF9ExNu0+4Y3410u1w+Xw+5F6aA9Lqg3gXb
